// !$*UTF8*$!
{
	archiveVersion = 1;
	classes = {
	};
	objectVersion = 56;
	objects = {

/* Begin PBXBuildFile section */
		210861E628FBD38C007AA0EC /* AppDelegate.swift in Sources */ = {isa = PBXBuildFile; fileRef = 210861E528FBD38C007AA0EC /* AppDelegate.swift */; };
		210861E828FBD38C007AA0EC /* FeedViewController.swift in Sources */ = {isa = PBXBuildFile; fileRef = 210861E728FBD38C007AA0EC /* FeedViewController.swift */; };
		210861EA28FBD390007AA0EC /* Assets.xcassets in Resources */ = {isa = PBXBuildFile; fileRef = 210861E928FBD390007AA0EC /* Assets.xcassets */; };
		210861ED28FBD390007AA0EC /* Main.storyboard in Resources */ = {isa = PBXBuildFile; fileRef = 210861EB28FBD390007AA0EC /* Main.storyboard */; };
		210861F828FBD391007AA0EC /* SimpleRSSTests.swift in Sources */ = {isa = PBXBuildFile; fileRef = 210861F728FBD391007AA0EC /* SimpleRSSTests.swift */; };
		2108620228FBD391007AA0EC /* SimpleRSSUITests.swift in Sources */ = {isa = PBXBuildFile; fileRef = 2108620128FBD391007AA0EC /* SimpleRSSUITests.swift */; };
		2108620428FBD391007AA0EC /* SimpleRSSUITestsLaunchTests.swift in Sources */ = {isa = PBXBuildFile; fileRef = 2108620328FBD391007AA0EC /* SimpleRSSUITestsLaunchTests.swift */; };
		21DD6C3E28FC0ED60082D7BF /* SideBarViewController.swift in Sources */ = {isa = PBXBuildFile; fileRef = 21DD6C3D28FC0ED60082D7BF /* SideBarViewController.swift */; };
		4608EA9FB2D1D3ADCC7CE665 /* Pods_SimpleRSS_SimpleRSSUITests.framework in Frameworks */ = {isa = PBXBuildFile; fileRef = 5291A9C94088EE726DC9490A /* Pods_SimpleRSS_SimpleRSSUITests.framework */; };
		9FC7C2C2362798FDCA3932FB /* Pods_SimpleRSS.framework in Frameworks */ = {isa = PBXBuildFile; fileRef = 02631F24B75A0D0977A02D7E /* Pods_SimpleRSS.framework */; };
		F61DE63765794EAF6C3812B9 /* Pods_SimpleRSSTests.framework in Frameworks */ = {isa = PBXBuildFile; fileRef = ECA3FC197CB9D64133E3A970 /* Pods_SimpleRSSTests.framework */; };
/* End PBXBuildFile section */

/* Begin PBXContainerItemProxy section */
		210861F428FBD391007AA0EC /* PBXContainerItemProxy */ = {
			isa = PBXContainerItemProxy;
			containerPortal = 210861DA28FBD38C007AA0EC /* Project object */;
			proxyType = 1;
			remoteGlobalIDString = 210861E128FBD38C007AA0EC;
			remoteInfo = SimpleRSS;
		};
		210861FE28FBD391007AA0EC /* PBXContainerItemProxy */ = {
			isa = PBXContainerItemProxy;
			containerPortal = 210861DA28FBD38C007AA0EC /* Project object */;
			proxyType = 1;
			remoteGlobalIDString = 210861E128FBD38C007AA0EC;
			remoteInfo = SimpleRSS;
		};
/* End PBXContainerItemProxy section */

/* Begin PBXFileReference section */
		02631F24B75A0D0977A02D7E /* Pods_SimpleRSS.framework */ = {isa = PBXFileReference; explicitFileType = wrapper.framework; includeInIndex = 0; path = Pods_SimpleRSS.framework; sourceTree = BUILT_PRODUCTS_DIR; };
		05D214662C5A903ADEE397C0 /* Pods-SimpleRSS-SimpleRSSUITests.debug.xcconfig */ = {isa = PBXFileReference; includeInIndex = 1; lastKnownFileType = text.xcconfig; name = "Pods-SimpleRSS-SimpleRSSUITests.debug.xcconfig"; path = "Target Support Files/Pods-SimpleRSS-SimpleRSSUITests/Pods-SimpleRSS-SimpleRSSUITests.debug.xcconfig"; sourceTree = "<group>"; };
		210861E228FBD38C007AA0EC /* SimpleRSS.app */ = {isa = PBXFileReference; explicitFileType = wrapper.application; includeInIndex = 0; path = SimpleRSS.app; sourceTree = BUILT_PRODUCTS_DIR; };
		210861E528FBD38C007AA0EC /* AppDelegate.swift */ = {isa = PBXFileReference; lastKnownFileType = sourcecode.swift; path = AppDelegate.swift; sourceTree = "<group>"; };
		210861E728FBD38C007AA0EC /* FeedViewController.swift */ = {isa = PBXFileReference; lastKnownFileType = sourcecode.swift; path = FeedViewController.swift; sourceTree = "<group>"; };
		210861E928FBD390007AA0EC /* Assets.xcassets */ = {isa = PBXFileReference; lastKnownFileType = folder.assetcatalog; path = Assets.xcassets; sourceTree = "<group>"; };
		210861EC28FBD390007AA0EC /* Base */ = {isa = PBXFileReference; lastKnownFileType = file.storyboard; name = Base; path = Base.lproj/Main.storyboard; sourceTree = "<group>"; };
		210861EE28FBD390007AA0EC /* SimpleRSS.entitlements */ = {isa = PBXFileReference; lastKnownFileType = text.plist.entitlements; path = SimpleRSS.entitlements; sourceTree = "<group>"; };
		210861F328FBD391007AA0EC /* SimpleRSSTests.xctest */ = {isa = PBXFileReference; explicitFileType = wrapper.cfbundle; includeInIndex = 0; path = SimpleRSSTests.xctest; sourceTree = BUILT_PRODUCTS_DIR; };
		210861F728FBD391007AA0EC /* SimpleRSSTests.swift */ = {isa = PBXFileReference; lastKnownFileType = sourcecode.swift; path = SimpleRSSTests.swift; sourceTree = "<group>"; };
		210861FD28FBD391007AA0EC /* SimpleRSSUITests.xctest */ = {isa = PBXFileReference; explicitFileType = wrapper.cfbundle; includeInIndex = 0; path = SimpleRSSUITests.xctest; sourceTree = BUILT_PRODUCTS_DIR; };
		2108620128FBD391007AA0EC /* SimpleRSSUITests.swift */ = {isa = PBXFileReference; lastKnownFileType = sourcecode.swift; path = SimpleRSSUITests.swift; sourceTree = "<group>"; };
		2108620328FBD391007AA0EC /* SimpleRSSUITestsLaunchTests.swift */ = {isa = PBXFileReference; lastKnownFileType = sourcecode.swift; path = SimpleRSSUITestsLaunchTests.swift; sourceTree = "<group>"; };
		2148C1AA28FBF00600656749 /* Info.plist */ = {isa = PBXFileReference; lastKnownFileType = text.plist; path = Info.plist; sourceTree = "<group>"; };
		21DD6C3D28FC0ED60082D7BF /* SideBarViewController.swift */ = {isa = PBXFileReference; lastKnownFileType = sourcecode.swift; path = SideBarViewController.swift; sourceTree = "<group>"; };
		31FA1228310A815A06C6578F /* Pods-SimpleRSS.debug.xcconfig */ = {isa = PBXFileReference; includeInIndex = 1; lastKnownFileType = text.xcconfig; name = "Pods-SimpleRSS.debug.xcconfig"; path = "Target Support Files/Pods-SimpleRSS/Pods-SimpleRSS.debug.xcconfig"; sourceTree = "<group>"; };
		45BCE6804A7F2A9257E96B2B /* Pods-SimpleRSS.release.xcconfig */ = {isa = PBXFileReference; includeInIndex = 1; lastKnownFileType = text.xcconfig; name = "Pods-SimpleRSS.release.xcconfig"; path = "Target Support Files/Pods-SimpleRSS/Pods-SimpleRSS.release.xcconfig"; sourceTree = "<group>"; };
		5291A9C94088EE726DC9490A /* Pods_SimpleRSS_SimpleRSSUITests.framework */ = {isa = PBXFileReference; explicitFileType = wrapper.framework; includeInIndex = 0; path = Pods_SimpleRSS_SimpleRSSUITests.framework; sourceTree = BUILT_PRODUCTS_DIR; };
		6EE63F4EC0E5E4FA6C9C207D /* Pods-SimpleRSS-SimpleRSSUITests.release.xcconfig */ = {isa = PBXFileReference; includeInIndex = 1; lastKnownFileType = text.xcconfig; name = "Pods-SimpleRSS-SimpleRSSUITests.release.xcconfig"; path = "Target Support Files/Pods-SimpleRSS-SimpleRSSUITests/Pods-SimpleRSS-SimpleRSSUITests.release.xcconfig"; sourceTree = "<group>"; };
		8397D0A6E147B5861FD11A8A /* Pods-SimpleRSSTests.debug.xcconfig */ = {isa = PBXFileReference; includeInIndex = 1; lastKnownFileType = text.xcconfig; name = "Pods-SimpleRSSTests.debug.xcconfig"; path = "Target Support Files/Pods-SimpleRSSTests/Pods-SimpleRSSTests.debug.xcconfig"; sourceTree = "<group>"; };
		8E68DC48BDB23BCF79508F69 /* Pods-SimpleRSSTests.release.xcconfig */ = {isa = PBXFileReference; includeInIndex = 1; lastKnownFileType = text.xcconfig; name = "Pods-SimpleRSSTests.release.xcconfig"; path = "Target Support Files/Pods-SimpleRSSTests/Pods-SimpleRSSTests.release.xcconfig"; sourceTree = "<group>"; };
		ECA3FC197CB9D64133E3A970 /* Pods_SimpleRSSTests.framework */ = {isa = PBXFileReference; explicitFileType = wrapper.framework; includeInIndex = 0; path = Pods_SimpleRSSTests.framework; sourceTree = BUILT_PRODUCTS_DIR; };
/* End PBXFileReference section */

/* Begin PBXFrameworksBuildPhase section */
		210861DF28FBD38C007AA0EC /* Frameworks */ = {
			isa = PBXFrameworksBuildPhase;
			buildActionMask = 2147483647;
			files = (
				9FC7C2C2362798FDCA3932FB /* Pods_SimpleRSS.framework in Frameworks */,
			);
			runOnlyForDeploymentPostprocessing = 0;
		};
		210861F028FBD391007AA0EC /* Frameworks */ = {
			isa = PBXFrameworksBuildPhase;
			buildActionMask = 2147483647;
			files = (
				F61DE63765794EAF6C3812B9 /* Pods_SimpleRSSTests.framework in Frameworks */,
			);
			runOnlyForDeploymentPostprocessing = 0;
		};
		210861FA28FBD391007AA0EC /* Frameworks */ = {
			isa = PBXFrameworksBuildPhase;
			buildActionMask = 2147483647;
			files = (
				4608EA9FB2D1D3ADCC7CE665 /* Pods_SimpleRSS_SimpleRSSUITests.framework in Frameworks */,
			);
			runOnlyForDeploymentPostprocessing = 0;
		};
/* End PBXFrameworksBuildPhase section */

/* Begin PBXGroup section */
		210861D928FBD38C007AA0EC = {
			isa = PBXGroup;
			children = (
				210861E428FBD38C007AA0EC /* SimpleRSS */,
				210861F628FBD391007AA0EC /* SimpleRSSTests */,
				2108620028FBD391007AA0EC /* SimpleRSSUITests */,
				210861E328FBD38C007AA0EC /* Products */,
				96CEE3D894C08F6FB2C9A331 /* Pods */,
				9589ACD32C27C374D5FB62C6 /* Frameworks */,
			);
			sourceTree = "<group>";
		};
		210861E328FBD38C007AA0EC /* Products */ = {
			isa = PBXGroup;
			children = (
				210861E228FBD38C007AA0EC /* SimpleRSS.app */,
				210861F328FBD391007AA0EC /* SimpleRSSTests.xctest */,
				210861FD28FBD391007AA0EC /* SimpleRSSUITests.xctest */,
			);
			name = Products;
			sourceTree = "<group>";
		};
		210861E428FBD38C007AA0EC /* SimpleRSS */ = {
			isa = PBXGroup;
			children = (
				2148C1AA28FBF00600656749 /* Info.plist */,
				210861E528FBD38C007AA0EC /* AppDelegate.swift */,
				210861E728FBD38C007AA0EC /* FeedViewController.swift */,
				21DD6C3D28FC0ED60082D7BF /* SideBarViewController.swift */,
				210861E928FBD390007AA0EC /* Assets.xcassets */,
				210861EB28FBD390007AA0EC /* Main.storyboard */,
				210861EE28FBD390007AA0EC /* SimpleRSS.entitlements */,
			);
			path = SimpleRSS;
			sourceTree = "<group>";
		};
		210861F628FBD391007AA0EC /* SimpleRSSTests */ = {
			isa = PBXGroup;
			children = (
				210861F728FBD391007AA0EC /* SimpleRSSTests.swift */,
			);
			path = SimpleRSSTests;
			sourceTree = "<group>";
		};
		2108620028FBD391007AA0EC /* SimpleRSSUITests */ = {
			isa = PBXGroup;
			children = (
				2108620128FBD391007AA0EC /* SimpleRSSUITests.swift */,
				2108620328FBD391007AA0EC /* SimpleRSSUITestsLaunchTests.swift */,
			);
			path = SimpleRSSUITests;
			sourceTree = "<group>";
		};
		9589ACD32C27C374D5FB62C6 /* Frameworks */ = {
			isa = PBXGroup;
			children = (
				02631F24B75A0D0977A02D7E /* Pods_SimpleRSS.framework */,
				5291A9C94088EE726DC9490A /* Pods_SimpleRSS_SimpleRSSUITests.framework */,
				ECA3FC197CB9D64133E3A970 /* Pods_SimpleRSSTests.framework */,
			);
			name = Frameworks;
			sourceTree = "<group>";
		};
		96CEE3D894C08F6FB2C9A331 /* Pods */ = {
			isa = PBXGroup;
			children = (
				31FA1228310A815A06C6578F /* Pods-SimpleRSS.debug.xcconfig */,
				45BCE6804A7F2A9257E96B2B /* Pods-SimpleRSS.release.xcconfig */,
				05D214662C5A903ADEE397C0 /* Pods-SimpleRSS-SimpleRSSUITests.debug.xcconfig */,
				6EE63F4EC0E5E4FA6C9C207D /* Pods-SimpleRSS-SimpleRSSUITests.release.xcconfig */,
				8397D0A6E147B5861FD11A8A /* Pods-SimpleRSSTests.debug.xcconfig */,
				8E68DC48BDB23BCF79508F69 /* Pods-SimpleRSSTests.release.xcconfig */,
			);
			path = Pods;
			sourceTree = "<group>";
		};
/* End PBXGroup section */

/* Begin PBXNativeTarget section */
		210861E128FBD38C007AA0EC /* SimpleRSS */ = {
			isa = PBXNativeTarget;
			buildConfigurationList = 2108620728FBD391007AA0EC /* Build configuration list for PBXNativeTarget "SimpleRSS" */;
			buildPhases = (
				2CEF633ECB03BB1D766B70A0 /* [CP] Check Pods Manifest.lock */,
				210861DE28FBD38C007AA0EC /* Sources */,
				210861DF28FBD38C007AA0EC /* Frameworks */,
				210861E028FBD38C007AA0EC /* Resources */,
				8A10D5D9F4FD2CEC7413E9EA /* [CP] Embed Pods Frameworks */,
			);
			buildRules = (
			);
			dependencies = (
			);
			name = SimpleRSS;
			productName = SimpleRSS;
			productReference = 210861E228FBD38C007AA0EC /* SimpleRSS.app */;
			productType = "com.apple.product-type.application";
		};
		210861F228FBD391007AA0EC /* SimpleRSSTests */ = {
			isa = PBXNativeTarget;
			buildConfigurationList = 2108620A28FBD391007AA0EC /* Build configuration list for PBXNativeTarget "SimpleRSSTests" */;
			buildPhases = (
				E95D567A81414C566BE2E048 /* [CP] Check Pods Manifest.lock */,
				210861EF28FBD391007AA0EC /* Sources */,
				210861F028FBD391007AA0EC /* Frameworks */,
				210861F128FBD391007AA0EC /* Resources */,
			);
			buildRules = (
			);
			dependencies = (
				210861F528FBD391007AA0EC /* PBXTargetDependency */,
			);
			name = SimpleRSSTests;
			productName = SimpleRSSTests;
			productReference = 210861F328FBD391007AA0EC /* SimpleRSSTests.xctest */;
			productType = "com.apple.product-type.bundle.unit-test";
		};
		210861FC28FBD391007AA0EC /* SimpleRSSUITests */ = {
			isa = PBXNativeTarget;
			buildConfigurationList = 2108620D28FBD391007AA0EC /* Build configuration list for PBXNativeTarget "SimpleRSSUITests" */;
			buildPhases = (
				CBBBE2F5E751A8572003C9D5 /* [CP] Check Pods Manifest.lock */,
				210861F928FBD391007AA0EC /* Sources */,
				210861FA28FBD391007AA0EC /* Frameworks */,
				210861FB28FBD391007AA0EC /* Resources */,
				043A5851D2B6761B63E0F670 /* [CP] Embed Pods Frameworks */,
			);
			buildRules = (
			);
			dependencies = (
				210861FF28FBD391007AA0EC /* PBXTargetDependency */,
			);
			name = SimpleRSSUITests;
			productName = SimpleRSSUITests;
			productReference = 210861FD28FBD391007AA0EC /* SimpleRSSUITests.xctest */;
			productType = "com.apple.product-type.bundle.ui-testing";
		};
/* End PBXNativeTarget section */

/* Begin PBXProject section */
		210861DA28FBD38C007AA0EC /* Project object */ = {
			isa = PBXProject;
			attributes = {
				BuildIndependentTargetsInParallel = 1;
				LastSwiftUpdateCheck = 1400;
				LastUpgradeCheck = 1400;
				TargetAttributes = {
					210861E128FBD38C007AA0EC = {
						CreatedOnToolsVersion = 14.0.1;
					};
					210861F228FBD391007AA0EC = {
						CreatedOnToolsVersion = 14.0.1;
						TestTargetID = 210861E128FBD38C007AA0EC;
					};
					210861FC28FBD391007AA0EC = {
						CreatedOnToolsVersion = 14.0.1;
						TestTargetID = 210861E128FBD38C007AA0EC;
					};
				};
			};
			buildConfigurationList = 210861DD28FBD38C007AA0EC /* Build configuration list for PBXProject "SimpleRSS" */;
			compatibilityVersion = "Xcode 14.0";
			developmentRegion = en;
			hasScannedForEncodings = 0;
			knownRegions = (
				en,
				Base,
			);
			mainGroup = 210861D928FBD38C007AA0EC;
			productRefGroup = 210861E328FBD38C007AA0EC /* Products */;
			projectDirPath = "";
			projectRoot = "";
			targets = (
				210861E128FBD38C007AA0EC /* SimpleRSS */,
				210861F228FBD391007AA0EC /* SimpleRSSTests */,
				210861FC28FBD391007AA0EC /* SimpleRSSUITests */,
			);
		};
/* End PBXProject section */

/* Begin PBXResourcesBuildPhase section */
		210861E028FBD38C007AA0EC /* Resources */ = {
			isa = PBXResourcesBuildPhase;
			buildActionMask = 2147483647;
			files = (
				210861EA28FBD390007AA0EC /* Assets.xcassets in Resources */,
				210861ED28FBD390007AA0EC /* Main.storyboard in Resources */,
			);
			runOnlyForDeploymentPostprocessing = 0;
		};
		210861F128FBD391007AA0EC /* Resources */ = {
			isa = PBXResourcesBuildPhase;
			buildActionMask = 2147483647;
			files = (
			);
			runOnlyForDeploymentPostprocessing = 0;
		};
		210861FB28FBD391007AA0EC /* Resources */ = {
			isa = PBXResourcesBuildPhase;
			buildActionMask = 2147483647;
			files = (
			);
			runOnlyForDeploymentPostprocessing = 0;
		};
/* End PBXResourcesBuildPhase section */

/* Begin PBXShellScriptBuildPhase section */
		043A5851D2B6761B63E0F670 /* [CP] Embed Pods Frameworks */ = {
			isa = PBXShellScriptBuildPhase;
			buildActionMask = 2147483647;
			files = (
			);
			inputFileListPaths = (
				"${PODS_ROOT}/Target Support Files/Pods-SimpleRSS-SimpleRSSUITests/Pods-SimpleRSS-SimpleRSSUITests-frameworks-${CONFIGURATION}-input-files.xcfilelist",
			);
			name = "[CP] Embed Pods Frameworks";
			outputFileListPaths = (
				"${PODS_ROOT}/Target Support Files/Pods-SimpleRSS-SimpleRSSUITests/Pods-SimpleRSS-SimpleRSSUITests-frameworks-${CONFIGURATION}-output-files.xcfilelist",
			);
			runOnlyForDeploymentPostprocessing = 0;
			shellPath = /bin/sh;
			shellScript = "\"${PODS_ROOT}/Target Support Files/Pods-SimpleRSS-SimpleRSSUITests/Pods-SimpleRSS-SimpleRSSUITests-frameworks.sh\"\n";
			showEnvVarsInLog = 0;
		};
		2CEF633ECB03BB1D766B70A0 /* [CP] Check Pods Manifest.lock */ = {
			isa = PBXShellScriptBuildPhase;
			buildActionMask = 2147483647;
			files = (
			);
			inputFileListPaths = (
			);
			inputPaths = (
				"${PODS_PODFILE_DIR_PATH}/Podfile.lock",
				"${PODS_ROOT}/Manifest.lock",
			);
			name = "[CP] Check Pods Manifest.lock";
			outputFileListPaths = (
			);
			outputPaths = (
				"$(DERIVED_FILE_DIR)/Pods-SimpleRSS-checkManifestLockResult.txt",
			);
			runOnlyForDeploymentPostprocessing = 0;
			shellPath = /bin/sh;
			shellScript = "diff \"${PODS_PODFILE_DIR_PATH}/Podfile.lock\" \"${PODS_ROOT}/Manifest.lock\" > /dev/null\nif [ $? != 0 ] ; then\n    # print error to STDERR\n    echo \"error: The sandbox is not in sync with the Podfile.lock. Run 'pod install' or update your CocoaPods installation.\" >&2\n    exit 1\nfi\n# This output is used by Xcode 'outputs' to avoid re-running this script phase.\necho \"SUCCESS\" > \"${SCRIPT_OUTPUT_FILE_0}\"\n";
			showEnvVarsInLog = 0;
		};
		8A10D5D9F4FD2CEC7413E9EA /* [CP] Embed Pods Frameworks */ = {
			isa = PBXShellScriptBuildPhase;
			buildActionMask = 2147483647;
			files = (
			);
			inputFileListPaths = (
				"${PODS_ROOT}/Target Support Files/Pods-SimpleRSS/Pods-SimpleRSS-frameworks-${CONFIGURATION}-input-files.xcfilelist",
			);
			name = "[CP] Embed Pods Frameworks";
			outputFileListPaths = (
				"${PODS_ROOT}/Target Support Files/Pods-SimpleRSS/Pods-SimpleRSS-frameworks-${CONFIGURATION}-output-files.xcfilelist",
			);
			runOnlyForDeploymentPostprocessing = 0;
			shellPath = /bin/sh;
			shellScript = "\"${PODS_ROOT}/Target Support Files/Pods-SimpleRSS/Pods-SimpleRSS-frameworks.sh\"\n";
			showEnvVarsInLog = 0;
		};
		CBBBE2F5E751A8572003C9D5 /* [CP] Check Pods Manifest.lock */ = {
			isa = PBXShellScriptBuildPhase;
			buildActionMask = 2147483647;
			files = (
			);
			inputFileListPaths = (
			);
			inputPaths = (
				"${PODS_PODFILE_DIR_PATH}/Podfile.lock",
				"${PODS_ROOT}/Manifest.lock",
			);
			name = "[CP] Check Pods Manifest.lock";
			outputFileListPaths = (
			);
			outputPaths = (
				"$(DERIVED_FILE_DIR)/Pods-SimpleRSS-SimpleRSSUITests-checkManifestLockResult.txt",
			);
			runOnlyForDeploymentPostprocessing = 0;
			shellPath = /bin/sh;
			shellScript = "diff \"${PODS_PODFILE_DIR_PATH}/Podfile.lock\" \"${PODS_ROOT}/Manifest.lock\" > /dev/null\nif [ $? != 0 ] ; then\n    # print error to STDERR\n    echo \"error: The sandbox is not in sync with the Podfile.lock. Run 'pod install' or update your CocoaPods installation.\" >&2\n    exit 1\nfi\n# This output is used by Xcode 'outputs' to avoid re-running this script phase.\necho \"SUCCESS\" > \"${SCRIPT_OUTPUT_FILE_0}\"\n";
			showEnvVarsInLog = 0;
		};
		E95D567A81414C566BE2E048 /* [CP] Check Pods Manifest.lock */ = {
			isa = PBXShellScriptBuildPhase;
			buildActionMask = 2147483647;
			files = (
			);
			inputFileListPaths = (
			);
			inputPaths = (
				"${PODS_PODFILE_DIR_PATH}/Podfile.lock",
				"${PODS_ROOT}/Manifest.lock",
			);
			name = "[CP] Check Pods Manifest.lock";
			outputFileListPaths = (
			);
			outputPaths = (
				"$(DERIVED_FILE_DIR)/Pods-SimpleRSSTests-checkManifestLockResult.txt",
			);
			runOnlyForDeploymentPostprocessing = 0;
			shellPath = /bin/sh;
			shellScript = "diff \"${PODS_PODFILE_DIR_PATH}/Podfile.lock\" \"${PODS_ROOT}/Manifest.lock\" > /dev/null\nif [ $? != 0 ] ; then\n    # print error to STDERR\n    echo \"error: The sandbox is not in sync with the Podfile.lock. Run 'pod install' or update your CocoaPods installation.\" >&2\n    exit 1\nfi\n# This output is used by Xcode 'outputs' to avoid re-running this script phase.\necho \"SUCCESS\" > \"${SCRIPT_OUTPUT_FILE_0}\"\n";
			showEnvVarsInLog = 0;
		};
/* End PBXShellScriptBuildPhase section */

/* Begin PBXSourcesBuildPhase section */
		210861DE28FBD38C007AA0EC /* Sources */ = {
			isa = PBXSourcesBuildPhase;
			buildActionMask = 2147483647;
			files = (
				210861E828FBD38C007AA0EC /* FeedViewController.swift in Sources */,
				21DD6C3E28FC0ED60082D7BF /* SideBarViewController.swift in Sources */,
				210861E628FBD38C007AA0EC /* AppDelegate.swift in Sources */,
			);
			runOnlyForDeploymentPostprocessing = 0;
		};
		210861EF28FBD391007AA0EC /* Sources */ = {
			isa = PBXSourcesBuildPhase;
			buildActionMask = 2147483647;
			files = (
				210861F828FBD391007AA0EC /* SimpleRSSTests.swift in Sources */,
			);
			runOnlyForDeploymentPostprocessing = 0;
		};
		210861F928FBD391007AA0EC /* Sources */ = {
			isa = PBXSourcesBuildPhase;
			buildActionMask = 2147483647;
			files = (
				2108620228FBD391007AA0EC /* SimpleRSSUITests.swift in Sources */,
				2108620428FBD391007AA0EC /* SimpleRSSUITestsLaunchTests.swift in Sources */,
			);
			runOnlyForDeploymentPostprocessing = 0;
		};
/* End PBXSourcesBuildPhase section */

/* Begin PBXTargetDependency section */
		210861F528FBD391007AA0EC /* PBXTargetDependency */ = {
			isa = PBXTargetDependency;
			target = 210861E128FBD38C007AA0EC /* SimpleRSS */;
			targetProxy = 210861F428FBD391007AA0EC /* PBXContainerItemProxy */;
		};
		210861FF28FBD391007AA0EC /* PBXTargetDependency */ = {
			isa = PBXTargetDependency;
			target = 210861E128FBD38C007AA0EC /* SimpleRSS */;
			targetProxy = 210861FE28FBD391007AA0EC /* PBXContainerItemProxy */;
		};
/* End PBXTargetDependency section */

/* Begin PBXVariantGroup section */
		210861EB28FBD390007AA0EC /* Main.storyboard */ = {
			isa = PBXVariantGroup;
			children = (
				210861EC28FBD390007AA0EC /* Base */,
			);
			name = Main.storyboard;
			sourceTree = "<group>";
		};
/* End PBXVariantGroup section */

/* Begin XCBuildConfiguration section */
		2108620528FBD391007AA0EC /* Debug */ = {
			isa = XCBuildConfiguration;
			buildSettings = {
				ALWAYS_SEARCH_USER_PATHS = NO;
				CLANG_ANALYZER_NONNULL = YES;
				CLANG_ANALYZER_NUMBER_OBJECT_CONVERSION = YES_AGGRESSIVE;
				CLANG_CXX_LANGUAGE_STANDARD = "gnu++20";
				CLANG_ENABLE_MODULES = YES;
				CLANG_ENABLE_OBJC_ARC = YES;
				CLANG_ENABLE_OBJC_WEAK = YES;
				CLANG_WARN_BLOCK_CAPTURE_AUTORELEASING = YES;
				CLANG_WARN_BOOL_CONVERSION = YES;
				CLANG_WARN_COMMA = YES;
				CLANG_WARN_CONSTANT_CONVERSION = YES;
				CLANG_WARN_DEPRECATED_OBJC_IMPLEMENTATIONS = YES;
				CLANG_WARN_DIRECT_OBJC_ISA_USAGE = YES_ERROR;
				CLANG_WARN_DOCUMENTATION_COMMENTS = YES;
				CLANG_WARN_EMPTY_BODY = YES;
				CLANG_WARN_ENUM_CONVERSION = YES;
				CLANG_WARN_INFINITE_RECURSION = YES;
				CLANG_WARN_INT_CONVERSION = YES;
				CLANG_WARN_NON_LITERAL_NULL_CONVERSION = YES;
				CLANG_WARN_OBJC_IMPLICIT_RETAIN_SELF = YES;
				CLANG_WARN_OBJC_LITERAL_CONVERSION = YES;
				CLANG_WARN_OBJC_ROOT_CLASS = YES_ERROR;
				CLANG_WARN_QUOTED_INCLUDE_IN_FRAMEWORK_HEADER = YES;
				CLANG_WARN_RANGE_LOOP_ANALYSIS = YES;
				CLANG_WARN_STRICT_PROTOTYPES = YES;
				CLANG_WARN_SUSPICIOUS_MOVE = YES;
				CLANG_WARN_UNGUARDED_AVAILABILITY = YES_AGGRESSIVE;
				CLANG_WARN_UNREACHABLE_CODE = YES;
				CLANG_WARN__DUPLICATE_METHOD_MATCH = YES;
				COPY_PHASE_STRIP = NO;
				DEBUG_INFORMATION_FORMAT = dwarf;
				ENABLE_STRICT_OBJC_MSGSEND = YES;
				ENABLE_TESTABILITY = YES;
				GCC_C_LANGUAGE_STANDARD = gnu11;
				GCC_DYNAMIC_NO_PIC = NO;
				GCC_NO_COMMON_BLOCKS = YES;
				GCC_OPTIMIZATION_LEVEL = 0;
				GCC_PREPROCESSOR_DEFINITIONS = (
					"DEBUG=1",
					"$(inherited)",
				);
				GCC_WARN_64_TO_32_BIT_CONVERSION = YES;
				GCC_WARN_ABOUT_RETURN_TYPE = YES_ERROR;
				GCC_WARN_UNDECLARED_SELECTOR = YES;
				GCC_WARN_UNINITIALIZED_AUTOS = YES_AGGRESSIVE;
				GCC_WARN_UNUSED_FUNCTION = YES;
				GCC_WARN_UNUSED_VARIABLE = YES;
				MACOSX_DEPLOYMENT_TARGET = 12.3;
				MTL_ENABLE_DEBUG_INFO = INCLUDE_SOURCE;
				MTL_FAST_MATH = YES;
				ONLY_ACTIVE_ARCH = YES;
				SDKROOT = macosx;
				SWIFT_ACTIVE_COMPILATION_CONDITIONS = DEBUG;
				SWIFT_OPTIMIZATION_LEVEL = "-Onone";
			};
			name = Debug;
		};
		2108620628FBD391007AA0EC /* Release */ = {
			isa = XCBuildConfiguration;
			buildSettings = {
				ALWAYS_SEARCH_USER_PATHS = NO;
				CLANG_ANALYZER_NONNULL = YES;
				CLANG_ANALYZER_NUMBER_OBJECT_CONVERSION = YES_AGGRESSIVE;
				CLANG_CXX_LANGUAGE_STANDARD = "gnu++20";
				CLANG_ENABLE_MODULES = YES;
				CLANG_ENABLE_OBJC_ARC = YES;
				CLANG_ENABLE_OBJC_WEAK = YES;
				CLANG_WARN_BLOCK_CAPTURE_AUTORELEASING = YES;
				CLANG_WARN_BOOL_CONVERSION = YES;
				CLANG_WARN_COMMA = YES;
				CLANG_WARN_CONSTANT_CONVERSION = YES;
				CLANG_WARN_DEPRECATED_OBJC_IMPLEMENTATIONS = YES;
				CLANG_WARN_DIRECT_OBJC_ISA_USAGE = YES_ERROR;
				CLANG_WARN_DOCUMENTATION_COMMENTS = YES;
				CLANG_WARN_EMPTY_BODY = YES;
				CLANG_WARN_ENUM_CONVERSION = YES;
				CLANG_WARN_INFINITE_RECURSION = YES;
				CLANG_WARN_INT_CONVERSION = YES;
				CLANG_WARN_NON_LITERAL_NULL_CONVERSION = YES;
				CLANG_WARN_OBJC_IMPLICIT_RETAIN_SELF = YES;
				CLANG_WARN_OBJC_LITERAL_CONVERSION = YES;
				CLANG_WARN_OBJC_ROOT_CLASS = YES_ERROR;
				CLANG_WARN_QUOTED_INCLUDE_IN_FRAMEWORK_HEADER = YES;
				CLANG_WARN_RANGE_LOOP_ANALYSIS = YES;
				CLANG_WARN_STRICT_PROTOTYPES = YES;
				CLANG_WARN_SUSPICIOUS_MOVE = YES;
				CLANG_WARN_UNGUARDED_AVAILABILITY = YES_AGGRESSIVE;
				CLANG_WARN_UNREACHABLE_CODE = YES;
				CLANG_WARN__DUPLICATE_METHOD_MATCH = YES;
				COPY_PHASE_STRIP = NO;
				DEBUG_INFORMATION_FORMAT = "dwarf-with-dsym";
				ENABLE_NS_ASSERTIONS = NO;
				ENABLE_STRICT_OBJC_MSGSEND = YES;
				GCC_C_LANGUAGE_STANDARD = gnu11;
				GCC_NO_COMMON_BLOCKS = YES;
				GCC_WARN_64_TO_32_BIT_CONVERSION = YES;
				GCC_WARN_ABOUT_RETURN_TYPE = YES_ERROR;
				GCC_WARN_UNDECLARED_SELECTOR = YES;
				GCC_WARN_UNINITIALIZED_AUTOS = YES_AGGRESSIVE;
				GCC_WARN_UNUSED_FUNCTION = YES;
				GCC_WARN_UNUSED_VARIABLE = YES;
				MACOSX_DEPLOYMENT_TARGET = 12.3;
				MTL_ENABLE_DEBUG_INFO = NO;
				MTL_FAST_MATH = YES;
				SDKROOT = macosx;
				SWIFT_COMPILATION_MODE = wholemodule;
				SWIFT_OPTIMIZATION_LEVEL = "-O";
			};
			name = Release;
		};
		2108620828FBD391007AA0EC /* Debug */ = {
			isa = XCBuildConfiguration;
			baseConfigurationReference = 31FA1228310A815A06C6578F /* Pods-SimpleRSS.debug.xcconfig */;
			buildSettings = {
				ASSETCATALOG_COMPILER_APPICON_NAME = AppIcon;
				ASSETCATALOG_COMPILER_GLOBAL_ACCENT_COLOR_NAME = AccentColor;
				CODE_SIGN_ENTITLEMENTS = SimpleRSS/SimpleRSS.entitlements;
				CODE_SIGN_STYLE = Automatic;
				COMBINE_HIDPI_IMAGES = YES;
				CURRENT_PROJECT_VERSION = 1;
				DEVELOPMENT_TEAM = FW8567YA4Q;
				ENABLE_HARDENED_RUNTIME = YES;
				GENERATE_INFOPLIST_FILE = YES;
				INFOPLIST_FILE = SimpleRSS/Info.plist;
				INFOPLIST_KEY_NSHumanReadableCopyright = "";
				INFOPLIST_KEY_NSMainStoryboardFile = Main;
				INFOPLIST_KEY_NSPrincipalClass = NSApplication;
				LD_RUNPATH_SEARCH_PATHS = (
					"$(inherited)",
					"@executable_path/../Frameworks",
				);
				MACOSX_DEPLOYMENT_TARGET = 10.10;
				MARKETING_VERSION = 1.0;
				PRODUCT_BUNDLE_IDENTIFIER = Goronya.SimpleRSS;
				PRODUCT_NAME = "$(TARGET_NAME)";
				SWIFT_EMIT_LOC_STRINGS = YES;
				SWIFT_VERSION = 5.0;
			};
			name = Debug;
		};
		2108620928FBD391007AA0EC /* Release */ = {
			isa = XCBuildConfiguration;
			baseConfigurationReference = 45BCE6804A7F2A9257E96B2B /* Pods-SimpleRSS.release.xcconfig */;
			buildSettings = {
				ASSETCATALOG_COMPILER_APPICON_NAME = AppIcon;
				ASSETCATALOG_COMPILER_GLOBAL_ACCENT_COLOR_NAME = AccentColor;
				CODE_SIGN_ENTITLEMENTS = SimpleRSS/SimpleRSS.entitlements;
				CODE_SIGN_STYLE = Automatic;
				COMBINE_HIDPI_IMAGES = YES;
				CURRENT_PROJECT_VERSION = 1;
				DEVELOPMENT_TEAM = FW8567YA4Q;
				ENABLE_HARDENED_RUNTIME = YES;
				GENERATE_INFOPLIST_FILE = YES;
				INFOPLIST_FILE = SimpleRSS/Info.plist;
				INFOPLIST_KEY_NSHumanReadableCopyright = "";
				INFOPLIST_KEY_NSMainStoryboardFile = Main;
				INFOPLIST_KEY_NSPrincipalClass = NSApplication;
				LD_RUNPATH_SEARCH_PATHS = (
					"$(inherited)",
					"@executable_path/../Frameworks",
				);
				MACOSX_DEPLOYMENT_TARGET = 10.10;
				MARKETING_VERSION = 1.0;
				PRODUCT_BUNDLE_IDENTIFIER = Goronya.SimpleRSS;
				PRODUCT_NAME = "$(TARGET_NAME)";
				SWIFT_EMIT_LOC_STRINGS = YES;
				SWIFT_VERSION = 5.0;
			};
			name = Release;
		};
		2108620B28FBD391007AA0EC /* Debug */ = {
			isa = XCBuildConfiguration;
			baseConfigurationReference = 8397D0A6E147B5861FD11A8A /* Pods-SimpleRSSTests.debug.xcconfig */;
			buildSettings = {
				ALWAYS_EMBED_SWIFT_STANDARD_LIBRARIES = YES;
				BUNDLE_LOADER = "$(TEST_HOST)";
				CODE_SIGN_STYLE = Automatic;
				CURRENT_PROJECT_VERSION = 1;
				DEVELOPMENT_TEAM = FW8567YA4Q;
				GENERATE_INFOPLIST_FILE = YES;
				MACOSX_DEPLOYMENT_TARGET = 12.3;
				MARKETING_VERSION = 1.0;
				PRODUCT_BUNDLE_IDENTIFIER = Goronya.SimpleRSSTests;
				PRODUCT_NAME = "$(TARGET_NAME)";
				SWIFT_EMIT_LOC_STRINGS = NO;
				SWIFT_VERSION = 5.0;
				TEST_HOST = "$(BUILT_PRODUCTS_DIR)/SimpleRSS.app/$(BUNDLE_EXECUTABLE_FOLDER_PATH)/SimpleRSS";
			};
			name = Debug;
		};
		2108620C28FBD391007AA0EC /* Release */ = {
			isa = XCBuildConfiguration;
			baseConfigurationReference = 8E68DC48BDB23BCF79508F69 /* Pods-SimpleRSSTests.release.xcconfig */;
			buildSettings = {
				ALWAYS_EMBED_SWIFT_STANDARD_LIBRARIES = YES;
				BUNDLE_LOADER = "$(TEST_HOST)";
				CODE_SIGN_STYLE = Automatic;
				CURRENT_PROJECT_VERSION = 1;
				DEVELOPMENT_TEAM = FW8567YA4Q;
				GENERATE_INFOPLIST_FILE = YES;
				MACOSX_DEPLOYMENT_TARGET = 12.3;
				MARKETING_VERSION = 1.0;
				PRODUCT_BUNDLE_IDENTIFIER = Goronya.SimpleRSSTests;
				PRODUCT_NAME = "$(TARGET_NAME)";
				SWIFT_EMIT_LOC_STRINGS = NO;
				SWIFT_VERSION = 5.0;
				TEST_HOST = "$(BUILT_PRODUCTS_DIR)/SimpleRSS.app/$(BUNDLE_EXECUTABLE_FOLDER_PATH)/SimpleRSS";
			};
			name = Release;
		};
		2108620E28FBD391007AA0EC /* Debug */ = {
			isa = XCBuildConfiguration;
			baseConfigurationReference = 05D214662C5A903ADEE397C0 /* Pods-SimpleRSS-SimpleRSSUITests.debug.xcconfig */;
			buildSettings = {
				ALWAYS_EMBED_SWIFT_STANDARD_LIBRARIES = YES;
				CODE_SIGN_STYLE = Automatic;
				CURRENT_PROJECT_VERSION = 1;
				DEVELOPMENT_TEAM = FW8567YA4Q;
				GENERATE_INFOPLIST_FILE = YES;
				MARKETING_VERSION = 1.0;
				PRODUCT_BUNDLE_IDENTIFIER = Goronya.SimpleRSSUITests;
				PRODUCT_NAME = "$(TARGET_NAME)";
				SWIFT_EMIT_LOC_STRINGS = NO;
				SWIFT_VERSION = 5.0;
				TEST_TARGET_NAME = SimpleRSS;
			};
			name = Debug;
		};
		2108620F28FBD391007AA0EC /* Release */ = {
			isa = XCBuildConfiguration;
			baseConfigurationReference = 6EE63F4EC0E5E4FA6C9C207D /* Pods-SimpleRSS-SimpleRSSUITests.release.xcconfig */;
			buildSettings = {
				ALWAYS_EMBED_SWIFT_STANDARD_LIBRARIES = YES;
				CODE_SIGN_STYLE = Automatic;
				CURRENT_PROJECT_VERSION = 1;
				DEVELOPMENT_TEAM = FW8567YA4Q;
				GENERATE_INFOPLIST_FILE = YES;
				MARKETING_VERSION = 1.0;
				PRODUCT_BUNDLE_IDENTIFIER = Goronya.SimpleRSSUITests;
				PRODUCT_NAME = "$(TARGET_NAME)";
				SWIFT_EMIT_LOC_STRINGS = NO;
				SWIFT_VERSION = 5.0;
				TEST_TARGET_NAME = SimpleRSS;
			};
			name = Release;
		};
/* End XCBuildConfiguration section */

/* Begin XCConfigurationList section */
		210861DD28FBD38C007AA0EC /* Build configuration list for PBXProject "SimpleRSS" */ = {
			isa = XCConfigurationList;
			buildConfigurations = (
				2108620528FBD391007AA0EC /* Debug */,
				2108620628FBD391007AA0EC /* Release */,
			);
			defaultConfigurationIsVisible = 0;
			defaultConfigurationName = Release;
		};
		2108620728FBD391007AA0EC /* Build configuration list for PBXNativeTarget "SimpleRSS" */ = {
			isa = XCConfigurationList;
			buildConfigurations = (
				2108620828FBD391007AA0EC /* Debug */,
				2108620928FBD391007AA0EC /* Release */,
			);
			defaultConfigurationIsVisible = 0;
			defaultConfigurationName = Release;
		};
		2108620A28FBD391007AA0EC /* Build configuration list for PBXNativeTarget "SimpleRSSTests" */ = {
			isa = XCConfigurationList;
			buildConfigurations = (
				2108620B28FBD391007AA0EC /* Debug */,
				2108620C28FBD391007AA0EC /* Release */,
			);
			defaultConfigurationIsVisible = 0;
			defaultConfigurationName = Release;
		};
		2108620D28FBD391007AA0EC /* Build configuration list for PBXNativeTarget "SimpleRSSUITests" */ = {
			isa = XCConfigurationList;
			buildConfigurations = (
				2108620E28FBD391007AA0EC /* Debug */,
				2108620F28FBD391007AA0EC /* Release */,
			);
			defaultConfigurationIsVisible = 0;
			defaultConfigurationName = Release;
		};
/* End XCConfigurationList section */
	};
	rootObject = 210861DA28FBD38C007AA0EC /* Project object */;
}
